{
  "name": "nrs-common-types",
  "version": "1.0.6",
  "lockfileVersion": 3,
  "requires": true,
  "packages": {
    "": {
      "name": "nrs-common-types",
      "version": "1.0.6",
      "license": "ISC",
      "dependencies": {
        "nrs-common-types": "^1.0.5"
      }
    },
    "node_modules/nrs-common-types": {
      "version": "1.0.5",
      "resolved": "https://registry.npmjs.org/nrs-common-types/-/nrs-common-types-1.0.5.tgz",
      "integrity": "sha512-1lmMifF9Y74UL85+dDg+Nc104incV6hwn7fu1LArG6fELz1yzrnm1dakADtDaRts+p1L8FLQ2CO1O4YhNBXPHw==",
      "license": "ISC"
    }
  }
}
